
Microsoft Visual Studio Solution File, Format Version 12.00
# Visual Studio 15
VisualStudioVersion = 15.0.28010.2050
MinimumVisualStudioVersion = 10.0.40219.1
Project("{FAE04EC0-301F-11D3-BF4B-00C04F79EFBC}") = "Testforiage", "Testforiage\Testforiage.csproj", "{65C6B7A7-D538-4354-8FB0-27FC3C330410}"
EndProject
Global
	GlobalSection(SolutionConfigurationPlatforms) = preSolution
		Debug|Any CPU = Debug|Any CPU
		Release|Any CPU = Release|Any CPU
	EndGlobalSection
	GlobalSection(ProjectConfigurationPlatforms) = postSolution
		{65C6B7A7-D538-4354-8FB0-27FC3C330410}.Debug|Any CPU.ActiveCfg = Debug|Any CPU
		{65C6B7A7-D538-4354-8FB0-27FC3C330410}.Debug|Any CPU.Build.0 = Debug|Any CPU
		{65C6B7A7-D538-4354-8FB0-27FC3C330410}.Release|Any CPU.ActiveCfg = Release|Any CPU
		{65C6B7A7-D538-4354-8FB0-27FC3C330410}.Release|Any CPU.Build.0 = Release|Any CPU
	EndGlobalSection
	GlobalSection(SolutionProperties) = preSolution
		HideSolutionNode = FALSE
	EndGlobalSection
	GlobalSection(ExtensibilityGlobals) = postSolution
		SolutionGuid = {2E90082C-D92A-4424-A168-FD36D3A66921}
	EndGlobalSection
EndGlobal
